
Microsoft Visual Studio Solution File, Format Version 12.00
# Visual Studio Version 17
VisualStudioVersion = 17.0.32112.339
MinimumVisualStudioVersion = 10.0.40219.1
Project("{9A19103F-16F7-4668-BE54-9A1E7A4F7556}") = "padroes-projetos-csharp", "padroes-projetos-csharp.csproj", "{D7F14055-4E7A-4783-B507-E736FD9DE0C8}"
EndProject
Project("{9A19103F-16F7-4668-BE54-9A1E7A4F7556}") = "strategy", "strategy\strategy.csproj", "{1160B252-9AAF-40DD-B4AF-1F98AD05FB8D}"
EndProject
Project("{9A19103F-16F7-4668-BE54-9A1E7A4F7556}") = "chains-of-responsability", "chains-of-responsability\chains-of-responsability.csproj", "{422B94F6-47BD-4A56-B132-9628FE590BD1}"
EndProject
Project("{FAE04EC0-301F-11D3-BF4B-00C04F79EFBC}") = "template-method", "template-method\template-method.csproj", "{5D79C5D3-3F3C-43DF-9C5D-DFEDB4FC4639}"
EndProject
Global
	GlobalSection(SolutionConfigurationPlatforms) = preSolution
		Debug|Any CPU = Debug|Any CPU
		Release|Any CPU = Release|Any CPU
	EndGlobalSection
	GlobalSection(ProjectConfigurationPlatforms) = postSolution
		{D7F14055-4E7A-4783-B507-E736FD9DE0C8}.Debug|Any CPU.ActiveCfg = Debug|Any CPU
		{D7F14055-4E7A-4783-B507-E736FD9DE0C8}.Debug|Any CPU.Build.0 = Debug|Any CPU
		{D7F14055-4E7A-4783-B507-E736FD9DE0C8}.Release|Any CPU.ActiveCfg = Release|Any CPU
		{D7F14055-4E7A-4783-B507-E736FD9DE0C8}.Release|Any CPU.Build.0 = Release|Any CPU
		{1160B252-9AAF-40DD-B4AF-1F98AD05FB8D}.Debug|Any CPU.ActiveCfg = Debug|Any CPU
		{1160B252-9AAF-40DD-B4AF-1F98AD05FB8D}.Debug|Any CPU.Build.0 = Debug|Any CPU
		{1160B252-9AAF-40DD-B4AF-1F98AD05FB8D}.Release|Any CPU.ActiveCfg = Release|Any CPU
		{1160B252-9AAF-40DD-B4AF-1F98AD05FB8D}.Release|Any CPU.Build.0 = Release|Any CPU
		{422B94F6-47BD-4A56-B132-9628FE590BD1}.Debug|Any CPU.ActiveCfg = Debug|Any CPU
		{422B94F6-47BD-4A56-B132-9628FE590BD1}.Debug|Any CPU.Build.0 = Debug|Any CPU
		{422B94F6-47BD-4A56-B132-9628FE590BD1}.Release|Any CPU.ActiveCfg = Release|Any CPU
		{422B94F6-47BD-4A56-B132-9628FE590BD1}.Release|Any CPU.Build.0 = Release|Any CPU
		{5D79C5D3-3F3C-43DF-9C5D-DFEDB4FC4639}.Debug|Any CPU.ActiveCfg = Debug|Any CPU
		{5D79C5D3-3F3C-43DF-9C5D-DFEDB4FC4639}.Debug|Any CPU.Build.0 = Debug|Any CPU
		{5D79C5D3-3F3C-43DF-9C5D-DFEDB4FC4639}.Release|Any CPU.ActiveCfg = Release|Any CPU
		{5D79C5D3-3F3C-43DF-9C5D-DFEDB4FC4639}.Release|Any CPU.Build.0 = Release|Any CPU
	EndGlobalSection
	GlobalSection(SolutionProperties) = preSolution
		HideSolutionNode = FALSE
	EndGlobalSection
	GlobalSection(ExtensibilityGlobals) = postSolution
		SolutionGuid = {60468281-BE8F-4229-B3FD-354C66276E9B}
	EndGlobalSection
EndGlobal
